lockfile_version: '1'
generated_at: '2026-05-21T01:07:57.136365+00:00'
apm_version: 0.14.1
dependencies:
- repo_url: _local/custom-skill-creator
  package_type: apm_package
  deployed_files:
  - .agents/skills/custom-skill-creator
  source: local
  local_path: ./packages/custom-skill-creator
- repo_url: _local/gh-cli-patterns
  package_type: apm_package
  deployed_files:
  - .agents/skills/gh-cli-patterns
  source: local
  local_path: ./packages/gh-cli-patterns
- repo_url: _local/ssh-gpg-host
  package_type: apm_package
  deployed_files:
  - .agents/skills/ssh-gpg-host
  source: local
  local_path: ./packages/ssh-gpg-host
